
Microsoft Visual Studio Solution File, Format Version 12.00
# Visual Studio Version 16
VisualStudioVersion = 16.0.32510.428
MinimumVisualStudioVersion = 10.0.40219.1
Project("{2150E333-8FDC-42A3-9474-1A3956D46DE8}") = "Creational", "Creational", "{FB0776D2-C99D-4CF5-8927-26F79D7F56D4}"
	ProjectSection(SolutionItems) = preProject
		Creational\README.md = Creational\README.md
	EndProjectSection
EndProject
Project("{2150E333-8FDC-42A3-9474-1A3956D46DE8}") = "Structural", "Structural", "{4C768A47-1884-4267-9B15-A6F2876F93B5}"
	ProjectSection(SolutionItems) = preProject
		Structural\README.md = Structural\README.md
	EndProjectSection
EndProject
Project("{2150E333-8FDC-42A3-9474-1A3956D46DE8}") = "Behavioral", "Behavioral", "{E159FC9D-877E-400C-845B-9C1D79F593A3}"
	ProjectSection(SolutionItems) = preProject
		Behavioral\README.md = Behavioral\README.md
	EndProjectSection
EndProject
Project("{9A19103F-16F7-4668-BE54-9A1E7A4F7556}") = "Builder", "Creational\Builder\Builder.csproj", "{19BECB70-FE61-4AB7-A802-E33F39DED840}"
EndProject
Project("{9A19103F-16F7-4668-BE54-9A1E7A4F7556}") = "Factories", "Creational\Factories\Factories.csproj", "{0041EA52-D130-4DEB-A9AC-179DF91A4FAE}"
EndProject
Project("{9A19103F-16F7-4668-BE54-9A1E7A4F7556}") = "Prototype", "Creational\Prototype\Prototype.csproj", "{0D17C7CC-D661-4857-AEAE-813224A737B5}"
EndProject
Project("{9A19103F-16F7-4668-BE54-9A1E7A4F7556}") = "Singleton", "Creational\Singleton\Singleton.csproj", "{EAF25B34-5471-4DB7-8B4F-9F1AA6B74E31}"
EndProject
Project("{9A19103F-16F7-4668-BE54-9A1E7A4F7556}") = "Adapter", "Structural\Adapter\Adapter.csproj", "{AA36D4B3-3B39-446B-AD55-F39BE1256B84}"
EndProject
Project("{9A19103F-16F7-4668-BE54-9A1E7A4F7556}") = "Bridge", "Structural\Bridge\Bridge.csproj", "{0DE0AA19-F0F0-4FED-9C29-CBB34ED44332}"
EndProject
Project("{9A19103F-16F7-4668-BE54-9A1E7A4F7556}") = "Composite", "Structural\Composite\Composite.csproj", "{D2F4BC78-0A54-4794-B0FA-CB1444DF2B48}"
EndProject
Project("{9A19103F-16F7-4668-BE54-9A1E7A4F7556}") = "Facade", "Structural\Facade\Facade.csproj", "{5395CAB6-328F-4B11-81D7-B2F3A7A09502}"
EndProject
Project("{9A19103F-16F7-4668-BE54-9A1E7A4F7556}") = "Proxy", "Structural\Proxy\Proxy.csproj", "{07A64716-05CF-43EC-929A-7F999DD32949}"
EndProject
Project("{9A19103F-16F7-4668-BE54-9A1E7A4F7556}") = "ChainOfResponsibility", "Behavioral\ChainOfResponsibility\ChainOfResponsibility.csproj", "{F14DBEC5-815C-4DEE-9060-3FDDD0BD4286}"
EndProject
Project("{9A19103F-16F7-4668-BE54-9A1E7A4F7556}") = "Command", "Behavioral\Command\Command.csproj", "{64D08102-A36C-4AED-852D-10F348F2A94D}"
EndProject
Project("{9A19103F-16F7-4668-BE54-9A1E7A4F7556}") = "Iterator", "Behavioral\Iterator\Iterator.csproj", "{2E51B76A-EE92-49B8-826A-0B8A8C8225A2}"
EndProject
Project("{9A19103F-16F7-4668-BE54-9A1E7A4F7556}") = "Mediator", "Behavioral\Mediator\Mediator.csproj", "{9B3667C6-F27E-474A-8927-3B3AD685C430}"
EndProject
Project("{9A19103F-16F7-4668-BE54-9A1E7A4F7556}") = "Memento", "Behavioral\Memento\Memento.csproj", "{BA4A5416-B646-4732-80D1-B671FC254461}"
EndProject
Project("{FAE04EC0-301F-11D3-BF4B-00C04F79EFBC}") = "Observer", "Behavioral\Observer\Observer.csproj", "{4C872EE2-E69C-4E39-8363-D0A11A0FABB3}"
EndProject
Global
	GlobalSection(SolutionConfigurationPlatforms) = preSolution
		Debug|Any CPU = Debug|Any CPU
		Release|Any CPU = Release|Any CPU
	EndGlobalSection
	GlobalSection(ProjectConfigurationPlatforms) = postSolution
		{19BECB70-FE61-4AB7-A802-E33F39DED840}.Debug|Any CPU.ActiveCfg = Debug|Any CPU
		{19BECB70-FE61-4AB7-A802-E33F39DED840}.Debug|Any CPU.Build.0 = Debug|Any CPU
		{19BECB70-FE61-4AB7-A802-E33F39DED840}.Release|Any CPU.ActiveCfg = Release|Any CPU
		{19BECB70-FE61-4AB7-A802-E33F39DED840}.Release|Any CPU.Build.0 = Release|Any CPU
		{0041EA52-D130-4DEB-A9AC-179DF91A4FAE}.Debug|Any CPU.ActiveCfg = Debug|Any CPU
		{0041EA52-D130-4DEB-A9AC-179DF91A4FAE}.Debug|Any CPU.Build.0 = Debug|Any CPU
		{0041EA52-D130-4DEB-A9AC-179DF91A4FAE}.Release|Any CPU.ActiveCfg = Release|Any CPU
		{0041EA52-D130-4DEB-A9AC-179DF91A4FAE}.Release|Any CPU.Build.0 = Release|Any CPU
		{0D17C7CC-D661-4857-AEAE-813224A737B5}.Debug|Any CPU.ActiveCfg = Debug|Any CPU
		{0D17C7CC-D661-4857-AEAE-813224A737B5}.Debug|Any CPU.Build.0 = Debug|Any CPU
		{0D17C7CC-D661-4857-AEAE-813224A737B5}.Release|Any CPU.ActiveCfg = Release|Any CPU
		{0D17C7CC-D661-4857-AEAE-813224A737B5}.Release|Any CPU.Build.0 = Release|Any CPU
		{EAF25B34-5471-4DB7-8B4F-9F1AA6B74E31}.Debug|Any CPU.ActiveCfg = Debug|Any CPU
		{EAF25B34-5471-4DB7-8B4F-9F1AA6B74E31}.Debug|Any CPU.Build.0 = Debug|Any CPU
		{EAF25B34-5471-4DB7-8B4F-9F1AA6B74E31}.Release|Any CPU.ActiveCfg = Release|Any CPU
		{EAF25B34-5471-4DB7-8B4F-9F1AA6B74E31}.Release|Any CPU.Build.0 = Release|Any CPU
		{AA36D4B3-3B39-446B-AD55-F39BE1256B84}.Debug|Any CPU.ActiveCfg = Debug|Any CPU
		{AA36D4B3-3B39-446B-AD55-F39BE1256B84}.Debug|Any CPU.Build.0 = Debug|Any CPU
		{AA36D4B3-3B39-446B-AD55-F39BE1256B84}.Release|Any CPU.ActiveCfg = Release|Any CPU
		{AA36D4B3-3B39-446B-AD55-F39BE1256B84}.Release|Any CPU.Build.0 = Release|Any CPU
		{0DE0AA19-F0F0-4FED-9C29-CBB34ED44332}.Debug|Any CPU.ActiveCfg = Debug|Any CPU
		{0DE0AA19-F0F0-4FED-9C29-CBB34ED44332}.Debug|Any CPU.Build.0 = Debug|Any CPU
		{0DE0AA19-F0F0-4FED-9C29-CBB34ED44332}.Release|Any CPU.ActiveCfg = Release|Any CPU
		{0DE0AA19-F0F0-4FED-9C29-CBB34ED44332}.Release|Any CPU.Build.0 = Release|Any CPU
		{D2F4BC78-0A54-4794-B0FA-CB1444DF2B48}.Debug|Any CPU.ActiveCfg = Debug|Any CPU
		{D2F4BC78-0A54-4794-B0FA-CB1444DF2B48}.Debug|Any CPU.Build.0 = Debug|Any CPU
		{D2F4BC78-0A54-4794-B0FA-CB1444DF2B48}.Release|Any CPU.ActiveCfg = Release|Any CPU
		{D2F4BC78-0A54-4794-B0FA-CB1444DF2B48}.Release|Any CPU.Build.0 = Release|Any CPU
		{5395CAB6-328F-4B11-81D7-B2F3A7A09502}.Debug|Any CPU.ActiveCfg = Debug|Any CPU
		{5395CAB6-328F-4B11-81D7-B2F3A7A09502}.Debug|Any CPU.Build.0 = Debug|Any CPU
		{5395CAB6-328F-4B11-81D7-B2F3A7A09502}.Release|Any CPU.ActiveCfg = Release|Any CPU
		{5395CAB6-328F-4B11-81D7-B2F3A7A09502}.Release|Any CPU.Build.0 = Release|Any CPU
		{07A64716-05CF-43EC-929A-7F999DD32949}.Debug|Any CPU.ActiveCfg = Debug|Any CPU
		{07A64716-05CF-43EC-929A-7F999DD32949}.Debug|Any CPU.Build.0 = Debug|Any CPU
		{07A64716-05CF-43EC-929A-7F999DD32949}.Release|Any CPU.ActiveCfg = Release|Any CPU
		{07A64716-05CF-43EC-929A-7F999DD32949}.Release|Any CPU.Build.0 = Release|Any CPU
		{F14DBEC5-815C-4DEE-9060-3FDDD0BD4286}.Debug|Any CPU.ActiveCfg = Debug|Any CPU
		{F14DBEC5-815C-4DEE-9060-3FDDD0BD4286}.Debug|Any CPU.Build.0 = Debug|Any CPU
		{F14DBEC5-815C-4DEE-9060-3FDDD0BD4286}.Release|Any CPU.ActiveCfg = Release|Any CPU
		{F14DBEC5-815C-4DEE-9060-3FDDD0BD4286}.Release|Any CPU.Build.0 = Release|Any CPU
		{64D08102-A36C-4AED-852D-10F348F2A94D}.Debug|Any CPU.ActiveCfg = Debug|Any CPU
		{64D08102-A36C-4AED-852D-10F348F2A94D}.Debug|Any CPU.Build.0 = Debug|Any CPU
		{64D08102-A36C-4AED-852D-10F348F2A94D}.Release|Any CPU.ActiveCfg = Release|Any CPU
		{64D08102-A36C-4AED-852D-10F348F2A94D}.Release|Any CPU.Build.0 = Release|Any CPU
		{2E51B76A-EE92-49B8-826A-0B8A8C8225A2}.Debug|Any CPU.ActiveCfg = Debug|Any CPU
		{2E51B76A-EE92-49B8-826A-0B8A8C8225A2}.Debug|Any CPU.Build.0 = Debug|Any CPU
		{2E51B76A-EE92-49B8-826A-0B8A8C8225A2}.Release|Any CPU.ActiveCfg = Release|Any CPU
		{2E51B76A-EE92-49B8-826A-0B8A8C8225A2}.Release|Any CPU.Build.0 = Release|Any CPU
		{9B3667C6-F27E-474A-8927-3B3AD685C430}.Debug|Any CPU.ActiveCfg = Debug|Any CPU
		{9B3667C6-F27E-474A-8927-3B3AD685C430}.Debug|Any CPU.Build.0 = Debug|Any CPU
		{9B3667C6-F27E-474A-8927-3B3AD685C430}.Release|Any CPU.ActiveCfg = Release|Any CPU
		{9B3667C6-F27E-474A-8927-3B3AD685C430}.Release|Any CPU.Build.0 = Release|Any CPU
		{BA4A5416-B646-4732-80D1-B671FC254461}.Debug|Any CPU.ActiveCfg = Debug|Any CPU
		{BA4A5416-B646-4732-80D1-B671FC254461}.Debug|Any CPU.Build.0 = Debug|Any CPU
		{BA4A5416-B646-4732-80D1-B671FC254461}.Release|Any CPU.ActiveCfg = Release|Any CPU
		{BA4A5416-B646-4732-80D1-B671FC254461}.Release|Any CPU.Build.0 = Release|Any CPU
		{4C872EE2-E69C-4E39-8363-D0A11A0FABB3}.Debug|Any CPU.ActiveCfg = Debug|Any CPU
		{4C872EE2-E69C-4E39-8363-D0A11A0FABB3}.Debug|Any CPU.Build.0 = Debug|Any CPU
		{4C872EE2-E69C-4E39-8363-D0A11A0FABB3}.Release|Any CPU.ActiveCfg = Release|Any CPU
		{4C872EE2-E69C-4E39-8363-D0A11A0FABB3}.Release|Any CPU.Build.0 = Release|Any CPU
	EndGlobalSection
	GlobalSection(SolutionProperties) = preSolution
		HideSolutionNode = FALSE
	EndGlobalSection
	GlobalSection(NestedProjects) = preSolution
		{19BECB70-FE61-4AB7-A802-E33F39DED840} = {FB0776D2-C99D-4CF5-8927-26F79D7F56D4}
		{0041EA52-D130-4DEB-A9AC-179DF91A4FAE} = {FB0776D2-C99D-4CF5-8927-26F79D7F56D4}
		{0D17C7CC-D661-4857-AEAE-813224A737B5} = {FB0776D2-C99D-4CF5-8927-26F79D7F56D4}
		{EAF25B34-5471-4DB7-8B4F-9F1AA6B74E31} = {FB0776D2-C99D-4CF5-8927-26F79D7F56D4}
		{AA36D4B3-3B39-446B-AD55-F39BE1256B84} = {4C768A47-1884-4267-9B15-A6F2876F93B5}
		{0DE0AA19-F0F0-4FED-9C29-CBB34ED44332} = {4C768A47-1884-4267-9B15-A6F2876F93B5}
		{D2F4BC78-0A54-4794-B0FA-CB1444DF2B48} = {4C768A47-1884-4267-9B15-A6F2876F93B5}
		{5395CAB6-328F-4B11-81D7-B2F3A7A09502} = {4C768A47-1884-4267-9B15-A6F2876F93B5}
		{07A64716-05CF-43EC-929A-7F999DD32949} = {4C768A47-1884-4267-9B15-A6F2876F93B5}
		{F14DBEC5-815C-4DEE-9060-3FDDD0BD4286} = {E159FC9D-877E-400C-845B-9C1D79F593A3}
		{64D08102-A36C-4AED-852D-10F348F2A94D} = {E159FC9D-877E-400C-845B-9C1D79F593A3}
		{2E51B76A-EE92-49B8-826A-0B8A8C8225A2} = {E159FC9D-877E-400C-845B-9C1D79F593A3}
		{9B3667C6-F27E-474A-8927-3B3AD685C430} = {E159FC9D-877E-400C-845B-9C1D79F593A3}
		{BA4A5416-B646-4732-80D1-B671FC254461} = {E159FC9D-877E-400C-845B-9C1D79F593A3}
		{4C872EE2-E69C-4E39-8363-D0A11A0FABB3} = {E159FC9D-877E-400C-845B-9C1D79F593A3}
	EndGlobalSection
	GlobalSection(ExtensibilityGlobals) = postSolution
		SolutionGuid = {1E139CB0-59B9-4995-8082-BE99337538CC}
	EndGlobalSection
EndGlobal
